
Microsoft Visual Studio Solution File, Format Version 12.00
# Visual Studio Version 16
VisualStudioVersion = 16.0.30717.126
MinimumVisualStudioVersion = 10.0.40219.1
Project("{FAE04EC0-301F-11D3-BF4B-00C04F79EFBC}") = "TestingDomainEvents", "TestingDomainEvents\TestingDomainEvents.csproj", "{618B09C2-7FA6-4328-92F3-2F2F86DBEBAD}"
EndProject
Global
	GlobalSection(SolutionConfigurationPlatforms) = preSolution
		Debug|Any CPU = Debug|Any CPU
		Release|Any CPU = Release|Any CPU
	EndGlobalSection
	GlobalSection(ProjectConfigurationPlatforms) = postSolution
		{618B09C2-7FA6-4328-92F3-2F2F86DBEBAD}.Debug|Any CPU.ActiveCfg = Debug|Any CPU
		{618B09C2-7FA6-4328-92F3-2F2F86DBEBAD}.Debug|Any CPU.Build.0 = Debug|Any CPU
		{618B09C2-7FA6-4328-92F3-2F2F86DBEBAD}.Release|Any CPU.ActiveCfg = Release|Any CPU
		{618B09C2-7FA6-4328-92F3-2F2F86DBEBAD}.Release|Any CPU.Build.0 = Release|Any CPU
	EndGlobalSection
	GlobalSection(SolutionProperties) = preSolution
		HideSolutionNode = FALSE
	EndGlobalSection
	GlobalSection(ExtensibilityGlobals) = postSolution
		SolutionGuid = {26213A79-0EE6-4038-8559-C12A75072769}
	EndGlobalSection
EndGlobal
